
Microsoft Visual Studio Solution File, Format Version 12.00
# Visual Studio Version 16
VisualStudioVersion = 16.0.31727.386
MinimumVisualStudioVersion = 10.0.40219.1
Project("{FAE04EC0-301F-11D3-BF4B-00C04F79EFBC}") = "StudentInfoApplication", "StudentInfoApplication\StudentInfoApplication.csproj", "{4D640E03-C34C-482E-9A6E-5C341A4D6827}"
EndProject
Global
	GlobalSection(SolutionConfigurationPlatforms) = preSolution
		Debug|Any CPU = Debug|Any CPU
		Release|Any CPU = Release|Any CPU
	EndGlobalSection
	GlobalSection(ProjectConfigurationPlatforms) = postSolution
		{4D640E03-C34C-482E-9A6E-5C341A4D6827}.Debug|Any CPU.ActiveCfg = Debug|Any CPU
		{4D640E03-C34C-482E-9A6E-5C341A4D6827}.Debug|Any CPU.Build.0 = Debug|Any CPU
		{4D640E03-C34C-482E-9A6E-5C341A4D6827}.Release|Any CPU.ActiveCfg = Release|Any CPU
		{4D640E03-C34C-482E-9A6E-5C341A4D6827}.Release|Any CPU.Build.0 = Release|Any CPU
	EndGlobalSection
	GlobalSection(SolutionProperties) = preSolution
		HideSolutionNode = FALSE
	EndGlobalSection
	GlobalSection(ExtensibilityGlobals) = postSolution
		SolutionGuid = {065ACFC9-23E3-4EDF-8AC1-719628B1871D}
	EndGlobalSection
EndGlobal
